<?xml version="1.0" encoding="UTF-8"?>
<!DOCTYPE plist PUBLIC "-//Apple//DTD PLIST 1.0//EN" "http://www.apple.com/DTDs/PropertyList-1.0.dtd">
<plist version="1.0">
<dict>
	<key>archiveVersion</key>
	<string>1</string>
	<key>classes</key>
	<dict/>
	<key>objectVersion</key>
	<string>46</string>
	<key>objects</key>
	<dict>
		<key>00BAF07CEE07F5908FF86719</key>
		<dict>
			<key>fileRef</key>
			<string>4637215E48C7322779D8C406</string>
			<key>isa</key>
			<string>PBXBuildFile</string>
		</dict>
		<key>05823F7B1C33615432BE5973</key>
		<dict>
			<key>buildConfigurations</key>
			<array>
				<string>0AABDFCB7BA515FB6082CD37</string>
				<string>19514868B12526DF49E700F0</string>
			</array>
			<key>defaultConfigurationIsVisible</key>
			<string>0</string>
			<key>defaultConfigurationName</key>
			<string>Release</string>
			<key>isa</key>
			<string>XCConfigurationList</string>
		</dict>
		<key>05B7376A37D9FABD2EF9A78E</key>
		<dict>
			<key>children</key>
			<array>
				<string>63A5E3746F56042FEA224C13</string>
				<string>678ACFA56944016EEA70501F</string>
				<string>113997834F13E951A2748841</string>
				<string>A8D6F6FE22CCF9317CAF1645</string>
			</array>
			<key>isa</key>
			<string>PBXGroup</string>
			<key>name</key>
			<string>Supporting Files</string>
			<key>path</key>
			<string>Supporting Files</string>
			<key>sourceTree</key>
			<string>&lt;group&gt;</string>
		</dict>
		<key>0614A68F7BFE1EA824057023</key>
		<dict>
			<key>includeInIndex</key>
			<string>1</string>
			<key>isa</key>
			<string>PBXFileReference</string>
			<key>lastKnownFileType</key>
			<string>sourcecode.swift</string>
			<key>path</key>
			<string>Extensions.swift</string>
			<key>sourceTree</key>
			<string>&lt;group&gt;</string>
		</dict>
		<key>066A56E389A7D1CAF47475C9</key>
		<dict>
			<key>fileRef</key>
			<string>1CE58EBB213A0A8475E89560</string>
			<key>isa</key>
			<string>PBXBuildFile</string>
		</dict>
		<key>06C2C616B6CD27DF08CE96C5</key>
		<dict>
			<key>fileRef</key>
			<string>0C3531D8908BBB75618F09E1</string>
			<key>isa</key>
			<string>PBXBuildFile</string>
		</dict>
		<key>089A3032F1ABE6DB65B8C055</key>
		<dict>
			<key>children</key>
			<array>
				<string>E87AF7AE680C9893DAF5B8C4</string>
				<string>B551A924AE2D0CAA23C72E7C</string>
				<string>C0B3F1C65E3BCC8455B67534</string>
				<string>67276145AF38C38937130FC8</string>
				<string>658F4BE09ED82FA9BD82DCFA</string>
			</array>
			<key>indentWidth</key>
			<string>4</string>
			<key>isa</key>
			<string>PBXGroup</string>
			<key>sourceTree</key>
			<string>&lt;group&gt;</string>
			<key>tabWidth</key>
			<string>4</string>
			<key>usesTabs</key>
			<string>0</string>
		</dict>
		<key>0AABDFCB7BA515FB6082CD37</key>
		<dict>
			<key>baseConfigurationReference</key>
			<string>13E730F179E895092083B3C9</string>
			<key>buildSettings</key>
			<dict>
				<key>BUNDLE_LOADER</key>
				<string>$(BUILT_PRODUCTS_DIR)/modoTube.app/modoTube</string>
				<key>ENABLE_STRICT_OBJC_MSGSEND</key>
				<string>YES</string>
				<key>FRAMEWORK_SEARCH_PATHS</key>
				<array>
					<string>$(SDKROOT)/Developer/Library/Frameworks</string>
					<string>$(inherited)</string>
					<string>$(DEVELOPER_FRAMEWORKS_DIR)</string>
				</array>
				<key>GCC_NO_COMMON_BLOCKS</key>
				<string>YES</string>
				<key>INFOPLIST_FILE</key>
				<string>UnitTests/Resources/UnitTests-Info.plist</string>
				<key>PRODUCT_NAME</key>
				<string>$(TARGET_NAME)</string>
				<key>SDKROOT</key>
				<string>iphoneos</string>
				<key>SKIP_INSTALL</key>
				<string>YES</string>
				<key>TEST_HOST</key>
				<string>$(BUNDLE_LOADER)</string>
				<key>WRAPPER_EXTENSION</key>
				<string>xctest</string>
			</dict>
			<key>isa</key>
			<string>XCBuildConfiguration</string>
			<key>name</key>
			<string>Release</string>
		</dict>
		<key>0BC62DD6D1E611ED8C94E8B8</key>
		<dict>
			<key>explicitFileType</key>
			<string>wrapper.framework</string>
			<key>includeInIndex</key>
			<string>0</string>
			<key>isa</key>
			<string>PBXFileReference</string>
			<key>path</key>
			<string>Pods_unit_tests_UnitTests.framework</string>
			<key>sourceTree</key>
			<string>BUILT_PRODUCTS_DIR</string>
		</dict>
		<key>0C3531D8908BBB75618F09E1</key>
		<dict>
			<key>includeInIndex</key>
			<string>1</string>
			<key>isa</key>
			<string>PBXFileReference</string>
			<key>lastKnownFileType</key>
			<string>sourcecode.swift</string>
			<key>path</key>
			<string>Constants.swift</string>
			<key>sourceTree</key>
			<string>&lt;group&gt;</string>
		</dict>
		<key>0F500158D21C1BC12C2EC25F</key>
		<dict>
			<key>buildActionMask</key>
			<string>2147483647</string>
			<key>files</key>
			<array>
				<string>90787A89AC8C8D59F2816601</string>
				<string>16D3B99782AE4FE4F09F5026</string>
			</array>
			<key>isa</key>
			<string>PBXFrameworksBuildPhase</string>
			<key>runOnlyForDeploymentPostprocessing</key>
			<string>0</string>
		</dict>
		<key>113997834F13E951A2748841</key>
		<dict>
			<key>children</key>
			<array>
				<string>2573D965A2CCB3264161991B</string>
			</array>
			<key>isa</key>
			<string>PBXGroup</string>
			<key>name</key>
			<string>Translations</string>
			<key>path</key>
			<string>Translations</string>
			<key>sourceTree</key>
			<string>&lt;group&gt;</string>
		</dict>
		<key>13E730F179E895092083B3C9</key>
		<dict>
			<key>includeInIndex</key>
			<string>1</string>
			<key>isa</key>
			<string>PBXFileReference</string>
			<key>lastKnownFileType</key>
			<string>text.xcconfig</string>
			<key>name</key>
			<string>Pods-unit_tests-UnitTests.release.xcconfig</string>
			<key>path</key>
			<string>Pods/Target Support Files/Pods-unit_tests-UnitTests/Pods-unit_tests-UnitTests.release.xcconfig</string>
			<key>sourceTree</key>
			<string>&lt;group&gt;</string>
		</dict>
		<key>1546EB40593D30613ADE9DB3</key>
		<dict>
			<key>children</key>
			<array/>
			<key>isa</key>
			<string>PBXGroup</string>
			<key>name</key>
			<string>Fonts</string>
			<key>path</key>
			<string>Fonts</string>
			<key>sourceTree</key>
			<string>&lt;group&gt;</string>
		</dict>
		<key>16D3B99782AE4FE4F09F5026</key>
		<dict>
			<key>fileRef</key>
			<string>342284E99A1F8FF97877A6EA</string>
			<key>isa</key>
			<string>PBXBuildFile</string>
		</dict>
		<key>19514868B12526DF49E700F0</key>
		<dict>
			<key>baseConfigurationReference</key>
			<string>3133D3FBDF50A55A8171545D</string>
			<key>buildSettings</key>
			<dict>
				<key>BUNDLE_LOADER</key>
				<string>$(BUILT_PRODUCTS_DIR)/modoTube.app/modoTube</string>
				<key>ENABLE_STRICT_OBJC_MSGSEND</key>
				<string>YES</string>
				<key>FRAMEWORK_SEARCH_PATHS</key>
				<array>
					<string>$(SDKROOT)/Developer/Library/Frameworks</string>
					<string>$(inherited)</string>
					<string>$(DEVELOPER_FRAMEWORKS_DIR)</string>
				</array>
				<key>GCC_NO_COMMON_BLOCKS</key>
				<string>YES</string>
				<key>INFOPLIST_FILE</key>
				<string>UnitTests/Resources/UnitTests-Info.plist</string>
				<key>PRODUCT_NAME</key>
				<string>$(TARGET_NAME)</string>
				<key>SDKROOT</key>
				<string>iphoneos</string>
				<key>SKIP_INSTALL</key>
				<string>YES</string>
				<key>TEST_HOST</key>
				<string>$(BUNDLE_LOADER)</string>
				<key>WRAPPER_EXTENSION</key>
				<string>xctest</string>
			</dict>
			<key>isa</key>
			<string>XCBuildConfiguration</string>
			<key>name</key>
			<string>Debug</string>
		</dict>
		<key>1B56725099EF3FFF89751E3B</key>
		<dict>
			<key>children</key>
			<array/>
			<key>isa</key>
			<string>PBXGroup</string>
			<key>name</key>
			<string>UITableViewCell</string>
			<key>path</key>
			<string>UITableViewCell</string>
			<key>sourceTree</key>
			<string>&lt;group&gt;</string>
		</dict>
		<key>1C85E00241D6AFA98177CD2F</key>
		<dict>
			<key>buildActionMask</key>
			<string>2147483647</string>
			<key>files</key>
			<array/>
			<key>inputPaths</key>
			<array/>
			<key>isa</key>
			<string>PBXShellScriptBuildPhase</string>
			<key>name</key>
			<string>[CP] Check Pods Manifest.lock</string>
			<key>outputPaths</key>
			<array/>
			<key>runOnlyForDeploymentPostprocessing</key>
			<string>0</string>
			<key>shellPath</key>
			<string>/bin/sh</string>
			<key>shellScript</key>
			<string>diff "${PODS_PODFILE_DIR_PATH}/Podfile.lock" "${PODS_ROOT}/Manifest.lock" &gt; /dev/null
if [ $? != 0 ] ; then
    # print error to STDERR
    echo "error: The sandbox is not in sync with the Podfile.lock. Run 'pod install' or update your CocoaPods installation." &gt;&amp;2
    exit 1
fi
</string>
			<key>showEnvVarsInLog</key>
			<string>0</string>
		</dict>
		<key>1CE58EBB213A0A8475E89560</key>
		<dict>
			<key>includeInIndex</key>
			<string>1</string>
			<key>isa</key>
			<string>PBXFileReference</string>
			<key>path</key>
			<string>colors.xml</string>
			<key>sourceTree</key>
			<string>&lt;group&gt;</string>
		</dict>
		<key>1EBDAFB5E3E3A662339FBEBD</key>
		<dict>
			<key>buildConfigurations</key>
			<array>
				<string>5A63D0E115B63829DB80EDD7</string>
				<string>B3BE2C3BC6C66C1716A06428</string>
			</array>
			<key>defaultConfigurationIsVisible</key>
			<string>0</string>
			<key>defaultConfigurationName</key>
			<string>Release</string>
			<key>isa</key>
			<string>XCConfigurationList</string>
		</dict>
		<key>212963A97A1AC25C3002770F</key>
		<dict>
			<key>fileRef</key>
			<string>5D0973EB3D329918E18277D3</string>
			<key>isa</key>
			<string>PBXBuildFile</string>
		</dict>
		<key>218BEC6FA6A9B7EA6372C9F4</key>
		<dict>
			<key>children</key>
			<array>
				<string>63E305B83120F5AD597EFDAF</string>
			</array>
			<key>isa</key>
			<string>PBXGroup</string>
			<key>name</key>
			<string>Resources</string>
			<key>path</key>
			<string>Resources</string>
			<key>sourceTree</key>
			<string>&lt;group&gt;</string>
		</dict>
		<key>25224D82DA045FDA6C4CFB22</key>
		<dict>
			<key>children</key>
			<array>
				<string>3A2CD17FC48A8C30F00B85E3</string>
				<string>1B56725099EF3FFF89751E3B</string>
				<string>658AB4757B34813946A7A005</string>
			</array>
			<key>isa</key>
			<string>PBXGroup</string>
			<key>name</key>
			<string>Views</string>
			<key>path</key>
			<string>Views</string>
			<key>sourceTree</key>
			<string>&lt;group&gt;</string>
		</dict>
		<key>2573D965A2CCB3264161991B</key>
		<dict>
			<key>includeInIndex</key>
			<string>1</string>
			<key>isa</key>
			<string>PBXFileReference</string>
			<key>path</key>
			<string>Localizable.strings</string>
			<key>sourceTree</key>
			<string>&lt;group&gt;</string>
		</dict>
		<key>3133D3FBDF50A55A8171545D</key>
		<dict>
			<key>includeInIndex</key>
			<string>1</string>
			<key>isa</key>
			<string>PBXFileReference</string>
			<key>lastKnownFileType</key>
			<string>text.xcconfig</string>
			<key>name</key>
			<string>Pods-unit_tests-UnitTests.debug.xcconfig</string>
			<key>path</key>
			<string>Pods/Target Support Files/Pods-unit_tests-UnitTests/Pods-unit_tests-UnitTests.debug.xcconfig</string>
			<key>sourceTree</key>
			<string>&lt;group&gt;</string>
		</dict>
		<key>342284E99A1F8FF97877A6EA</key>
		<dict>
			<key>explicitFileType</key>
			<string>wrapper.framework</string>
			<key>includeInIndex</key>
			<string>0</string>
			<key>isa</key>
			<string>PBXFileReference</string>
			<key>path</key>
			<string>Pods_modoTube.framework</string>
			<key>sourceTree</key>
			<string>BUILT_PRODUCTS_DIR</string>
		</dict>
		<key>34E25796C9BE9EDA48BC376D</key>
		<dict>
			<key>fileRef</key>
			<string>A2DEAFA9931B13E42A3D26D5</string>
			<key>isa</key>
			<string>PBXBuildFile</string>
		</dict>
		<key>39B844EB21A21349717CCEEF</key>
		<dict>
			<key>includeInIndex</key>
			<string>1</string>
			<key>isa</key>
			<string>PBXFileReference</string>
			<key>lastKnownFileType</key>
			<string>sourcecode.swift</string>
			<key>path</key>
			<string>Images.swift</string>
			<key>sourceTree</key>
			<string>&lt;group&gt;</string>
		</dict>
		<key>3A2CD17FC48A8C30F00B85E3</key>
		<dict>
			<key>children</key>
			<array/>
			<key>isa</key>
			<string>PBXGroup</string>
			<key>name</key>
			<string>UIView</string>
			<key>path</key>
			<string>UIView</string>
			<key>sourceTree</key>
			<string>&lt;group&gt;</string>
		</dict>
		<key>3A60F20A297662B8456D5081</key>
		<dict>
			<key>fileRef</key>
			<string>5E86466311CC940C29A667F9</string>
			<key>isa</key>
			<string>PBXBuildFile</string>
		</dict>
		<key>3B799DC4F51C35DE2FCDCAEA</key>
		<dict>
			<key>includeInIndex</key>
			<string>1</string>
			<key>isa</key>
			<string>PBXFileReference</string>
			<key>lastKnownFileType</key>
			<string>wrapper.plug-in</string>
			<key>path</key>
			<string>Settings.bundle</string>
			<key>sourceTree</key>
			<string>&lt;group&gt;</string>
		</dict>
		<key>3FCF4DAB9D313D354B6D7563</key>
		<dict>
			<key>includeInIndex</key>
			<string>1</string>
			<key>isa</key>
			<string>PBXFileReference</string>
			<key>lastKnownFileType</key>
			<string>sourcecode.swift</string>
			<key>path</key>
			<string>Storyboards.swift</string>
			<key>sourceTree</key>
			<string>&lt;group&gt;</string>
		</dict>
		<key>3FDCE93C175A704AA35F3576</key>
		<dict>
			<key>isa</key>
			<string>PBXFileReference</string>
			<key>lastKnownFileType</key>
			<string>wrapper.framework</string>
			<key>name</key>
			<string>Foundation.framework</string>
			<key>path</key>
			<string>Platforms/iPhoneOS.platform/Developer/SDKs/iPhoneOS9.3.sdk/System/Library/Frameworks/Foundation.framework</string>
			<key>sourceTree</key>
			<string>DEVELOPER_DIR</string>
		</dict>
		<key>401C379524A3EA3C607C4B1B</key>
		<dict>
			<key>buildActionMask</key>
			<string>2147483647</string>
			<key>files</key>
			<array>
				<string>212963A97A1AC25C3002770F</string>
				<string>EE8A1BF6905A36AF4064A267</string>
				<string>C5CFF3DF094CC9B4C76B517B</string>
				<string>9FD6C977F60FB792BCD0DF3B</string>
			</array>
			<key>isa</key>
			<string>PBXResourcesBuildPhase</string>
			<key>runOnlyForDeploymentPostprocessing</key>
			<string>0</string>
		</dict>
		<key>423EAD8294BE3B00DD9E57B1</key>
		<dict>
			<key>buildActionMask</key>
			<string>2147483647</string>
			<key>files</key>
			<array/>
			<key>inputPaths</key>
			<array/>
			<key>isa</key>
			<string>PBXShellScriptBuildPhase</string>
			<key>name</key>
			<string>[CP] Embed Pods Frameworks</string>
			<key>outputPaths</key>
			<array/>
			<key>runOnlyForDeploymentPostprocessing</key>
			<string>0</string>
			<key>shellPath</key>
			<string>/bin/sh</string>
			<key>shellScript</key>
			<string>"${SRCROOT}/Pods/Target Support Files/Pods-modoTube/Pods-modoTube-frameworks.sh"
</string>
			<key>showEnvVarsInLog</key>
			<string>0</string>
		</dict>
		<key>4637215E48C7322779D8C406</key>
		<dict>
			<key>includeInIndex</key>
			<string>1</string>
			<key>isa</key>
			<string>PBXFileReference</string>
			<key>lastKnownFileType</key>
			<string>sourcecode.swift</string>
			<key>path</key>
			<string>AppDelegate.swift</string>
			<key>sourceTree</key>
			<string>&lt;group&gt;</string>
		</dict>
		<key>4A91DE4D85188E7C7B5C26AF</key>
		<dict>
			<key>buildActionMask</key>
			<string>2147483647</string>
			<key>files</key>
			<array/>
			<key>inputPaths</key>
			<array/>
			<key>isa</key>
			<string>PBXShellScriptBuildPhase</string>
			<key>name</key>
			<string>&#128736; Generate swiftgen constants</string>
			<key>outputPaths</key>
			<array/>
			<key>runOnlyForDeploymentPostprocessing</key>
			<string>0</string>
			<key>shellPath</key>
			<string>/bin/sh</string>
			<key>shellScript</key>
			<string>POD_DIR="$PODS_ROOT/SwiftGen/bin/swiftgen"
if which $POD_DIR &gt;/dev/null; then
    SRCDIR="$PROJECT_DIR/$PROJECT_NAME"
    $POD_DIR images -t swift3 "$SRCDIR/Supporting Files/Resources/Assets.xcassets" --output "$SRCDIR/Common/GeneratedConstants/Images.swift"
    $POD_DIR strings -t swift3 "$SRCDIR/Supporting Files/Translations/en.lproj/Localizable.strings" --output "$SRCDIR/Common/GeneratedConstants/Strings.swift"
    $POD_DIR colors -t swift3 "$SRCDIR/Supporting Files/Resources/Colors.xml" --output "$SRCDIR/Common/GeneratedConstants/Colors.swift"
    $POD_DIR storyboards -t swift3 "$SRCDIR" --output "$SRCDIR/Common/GeneratedConstants/Storyboards.swift"
    $POD_DIR fonts -t swift3 "$SRCDIR/Supporting Files/Resources/Fonts" --output "$SRCDIR/Common/GeneratedConstants/Fonts.swift"
else
    echo "warning: SwiftGen not installed, download it from https://github.com/AliSoftware/SwiftGen"
fi
</string>
			<key>showEnvVarsInLog</key>
			<string>1</string>
		</dict>
		<key>4C7A52C39E3C7AEBB0E27E65</key>
		<dict>
			<key>children</key>
			<array/>
			<key>isa</key>
			<string>PBXGroup</string>
			<key>name</key>
			<string>Tests</string>
			<key>path</key>
			<string>Tests</string>
			<key>sourceTree</key>
			<string>&lt;group&gt;</string>
		</dict>
		<key>4E42126D935EEB4CE222ECF5</key>
		<dict>
			<key>includeInIndex</key>
			<string>1</string>
			<key>isa</key>
			<string>PBXFileReference</string>
			<key>lastKnownFileType</key>
			<string>sourcecode.swift</string>
			<key>path</key>
			<string>DefaultKeys.swift</string>
			<key>sourceTree</key>
			<string>&lt;group&gt;</string>
		</dict>
		<key>53658DC4B6CD7FFCA04ECA14</key>
		<dict>
			<key>buildActionMask</key>
			<string>2147483647</string>
			<key>files</key>
			<array>
				<string>00BAF07CEE07F5908FF86719</string>
				<string>34E25796C9BE9EDA48BC376D</string>
				<string>659208FC5B7DC3570BF96085</string>
				<string>D9E86E8BD31CA9CC4EEA2CB0</string>
				<string>CAAD668755E2228ED8836AE3</string>
				<string>5E3223C0B09AE09A5C86436F</string>
				<string>06C2C616B6CD27DF08CE96C5</string>
				<string>851D9E9A5D0C5642F9C04CEE</string>
				<string>7474370BC9FE20DD5E37C554</string>
				<string>3A60F20A297662B8456D5081</string>
				<string>F7689C929A1E3A79B1B1B712</string>
				<string>CDCC084250E979917257F77F</string>
				<string>8B2AB7745A6F47ED8AC94999</string>
				<string>066A56E389A7D1CAF47475C9</string>
			</array>
			<key>isa</key>
			<string>PBXSourcesBuildPhase</string>
			<key>runOnlyForDeploymentPostprocessing</key>
			<string>0</string>
		</dict>
		<key>596FE08F2684855210E02653</key>
		<dict>
			<key>buildSettings</key>
			<dict>
				<key>ALWAYS_SEARCH_USER_PATHS</key>
				<string>NO</string>
				<key>ASSETCATALOG_COMPILER_APPICON_NAME</key>
				<string>AppIcon</string>
				<key>CLANG_ANALYZER_NONNULL</key>
				<string>YES</string>
				<key>CLANG_CXX_LANGUAGE_STANDARD</key>
				<string>gnu++0x</string>
				<key>CLANG_CXX_LIBRARY</key>
				<string>libc++</string>
				<key>CLANG_ENABLE_MODULES</key>
				<string>YES</string>
				<key>CLANG_ENABLE_OBJC_ARC</key>
				<string>YES</string>
				<key>CLANG_WARN_BOOL_CONVERSION</key>
				<string>YES</string>
				<key>CLANG_WARN_CONSTANT_CONVERSION</key>
				<string>YES</string>
				<key>CLANG_WARN_DEPRECATED_OBJC_IMPLEMENTATIONS</key>
				<string>YES</string>
				<key>CLANG_WARN_DIRECT_OBJC_ISA_USAGE</key>
				<string>YES</string>
				<key>CLANG_WARN_EMPTY_BODY</key>
				<string>YES</string>
				<key>CLANG_WARN_ENUM_CONVERSION</key>
				<string>YES</string>
				<key>CLANG_WARN_IMPLICIT_SIGN_CONVERSION</key>
				<string>YES</string>
				<key>CLANG_WARN_INT_CONVERSION</key>
				<string>YES</string>
				<key>CLANG_WARN_OBJC_IMPLICIT_RETAIN_SELF</key>
				<string>YES</string>
				<key>CLANG_WARN_OBJC_ROOT_CLASS</key>
				<string>YES</string>
				<key>CLANG_WARN_SUSPICIOUS_IMPLICIT_CONVERSION</key>
				<string>YES</string>
				<key>CLANG_WARN_UNREACHABLE_CODE</key>
				<string>YES</string>
				<key>CLANG_WARN__DUPLICATE_METHOD_MATCH</key>
				<string>YES</string>
				<key>CODE_SIGN_IDENTITY[sdk=iphoneos*]</key>
				<string>iPhone Developer</string>
				<key>COPY_PHASE_STRIP</key>
				<string>NO</string>
				<key>ENABLE_TESTABILITY</key>
				<string>YES</string>
				<key>GCC_C_LANGUAGE_STANDARD</key>
				<string>gnu99</string>
				<key>GCC_DYNAMIC_NO_PIC</key>
				<string>NO</string>
				<key>GCC_OPTIMIZATION_LEVEL</key>
				<string>0</string>
				<key>GCC_PREPROCESSOR_DEFINITIONS</key>
				<array>
					<string>DEBUG=1</string>
					<string>$(inherited)</string>
				</array>
				<key>GCC_SYMBOLS_PRIVATE_EXTERN</key>
				<string>NO</string>
				<key>GCC_WARN_64_TO_32_BIT_CONVERSION</key>
				<string>YES</string>
				<key>GCC_WARN_ABOUT_DEPRECATED_FUNCTIONS</key>
				<string>YES</string>
				<key>GCC_WARN_ABOUT_MISSING_FIELD_INITIALIZERS</key>
				<string>YES</string>
				<key>GCC_WARN_ABOUT_MISSING_NEWLINE</key>
				<string>YES</string>
				<key>GCC_WARN_ABOUT_RETURN_TYPE</key>
				<string>YES</string>
				<key>GCC_WARN_CHECK_SWITCH_STATEMENTS</key>
				<string>YES</string>
				<key>GCC_WARN_INITIALIZER_NOT_FULLY_BRACKETED</key>
				<string>YES</string>
				<key>GCC_WARN_MISSING_PARENTHESES</key>
				<string>YES</string>
				<key>GCC_WARN_SHADOW</key>
				<string>YES</string>
				<key>GCC_WARN_SIGN_COMPARE</key>
				<string>YES</string>
				<key>GCC_WARN_TYPECHECK_CALLS_TO_PRINTF</key>
				<string>YES</string>
				<key>GCC_WARN_UNDECLARED_SELECTOR</key>
				<string>YES</string>
				<key>GCC_WARN_UNINITIALIZED_AUTOS</key>
				<string>YES</string>
				<key>GCC_WARN_UNUSED_FUNCTION</key>
				<string>YES</string>
				<key>GCC_WARN_UNUSED_LABEL</key>
				<string>YES</string>
				<key>GCC_WARN_UNUSED_VALUE</key>
				<string>YES</string>
				<key>GCC_WARN_UNUSED_VARIABLE</key>
				<string>YES</string>
				<key>IPHONEOS_DEPLOYMENT_TARGET</key>
				<string>9.0</string>
				<key>ONLY_ACTIVE_ARCH</key>
				<string>YES</string>
				<key>RUN_CLANG_STATIC_ANALYZER</key>
				<string>YES</string>
				<key>SDKROOT</key>
				<string>iphoneos</string>
			</dict>
			<key>isa</key>
			<string>XCBuildConfiguration</string>
			<key>name</key>
			<string>Debug</string>
		</dict>
		<key>5A63D0E115B63829DB80EDD7</key>
		<dict>
			<key>baseConfigurationReference</key>
			<string>AFE555C936770FF52BD91EA7</string>
			<key>buildSettings</key>
			<dict>
				<key>ASSETCATALOG_COMPILER_APPICON_NAME</key>
				<string>AppIcon</string>
				<key>CODE_SIGN_IDENTITY[sdk=iphoneos*]</key>
				<string>iPhone Developer</string>
				<key>DEBUG_INFORMATION_FORMAT</key>
				<string>dwarf-with-dsym</string>
				<key>ENABLE_STRICT_OBJC_MSGSEND</key>
				<string>YES</string>
				<key>GCC_NO_COMMON_BLOCKS</key>
				<string>YES</string>
				<key>GCC_TREAT_WARNINGS_AS_ERRORS</key>
				<string>YES</string>
				<key>INFOPLIST_FILE</key>
				<string>modoTube/Supporting Files/Info.plist</string>
				<key>LD_RUNPATH_SEARCH_PATHS</key>
				<string>$(inherited) @executable_path/Frameworks</string>
				<key>MTL_ENABLE_DEBUG_INFO</key>
				<string>NO</string>
				<key>PRODUCT_BUNDLE_IDENTIFIER</key>
				<string>com.mobizel.modoTube</string>
				<key>PRODUCT_NAME</key>
				<string>$(TARGET_NAME)</string>
				<key>SDKROOT</key>
				<string>iphoneos</string>
				<key>SWIFT_VERSION</key>
				<string>3.0</string>
				<key>TARGETED_DEVICE_FAMILY</key>
				<string>1,2</string>
			</dict>
			<key>isa</key>
			<string>XCBuildConfiguration</string>
			<key>name</key>
			<string>Release</string>
		</dict>
		<key>5D0973EB3D329918E18277D3</key>
		<dict>
			<key>includeInIndex</key>
			<string>1</string>
			<key>isa</key>
			<string>PBXFileReference</string>
			<key>path</key>
			<string>Main.storyboard</string>
			<key>sourceTree</key>
			<string>&lt;group&gt;</string>
		</dict>
		<key>5E3223C0B09AE09A5C86436F</key>
		<dict>
			<key>fileRef</key>
			<string>AEA9607511C060512F3267A4</string>
			<key>isa</key>
			<string>PBXBuildFile</string>
		</dict>
		<key>5E86466311CC940C29A667F9</key>
		<dict>
			<key>includeInIndex</key>
			<string>1</string>
			<key>isa</key>
			<string>PBXFileReference</string>
			<key>lastKnownFileType</key>
			<string>sourcecode.swift</string>
			<key>path</key>
			<string>RealmHelper.swift</string>
			<key>sourceTree</key>
			<string>&lt;group&gt;</string>
		</dict>
		<key>6049A60AA0E1B42A1326B17E</key>
		<dict>
			<key>children</key>
			<array/>
			<key>isa</key>
			<string>PBXGroup</string>
			<key>name</key>
			<string>Controllers</string>
			<key>path</key>
			<string>Controllers</string>
			<key>sourceTree</key>
			<string>&lt;group&gt;</string>
		</dict>
		<key>63A5E3746F56042FEA224C13</key>
		<dict>
			<key>includeInIndex</key>
			<string>1</string>
			<key>isa</key>
			<string>PBXFileReference</string>
			<key>lastKnownFileType</key>
			<string>text.plist.xml</string>
			<key>path</key>
			<string>Info.plist</string>
			<key>sourceTree</key>
			<string>&lt;group&gt;</string>
		</dict>
		<key>63E305B83120F5AD597EFDAF</key>
		<dict>
			<key>includeInIndex</key>
			<string>1</string>
			<key>isa</key>
			<string>PBXFileReference</string>
			<key>lastKnownFileType</key>
			<string>text.plist.xml</string>
			<key>path</key>
			<string>UnitTests-Info.plist</string>
			<key>sourceTree</key>
			<string>&lt;group&gt;</string>
		</dict>
		<key>658AB4757B34813946A7A005</key>
		<dict>
			<key>children</key>
			<array/>
			<key>isa</key>
			<string>PBXGroup</string>
			<key>name</key>
			<string>UICollectionViewCell</string>
			<key>path</key>
			<string>UICollectionViewCell</string>
			<key>sourceTree</key>
			<string>&lt;group&gt;</string>
		</dict>
		<key>658F4BE09ED82FA9BD82DCFA</key>
		<dict>
			<key>children</key>
			<array>
				<string>AFE555C936770FF52BD91EA7</string>
				<string>A58B1A894DBF6712295C13CD</string>
				<string>13E730F179E895092083B3C9</string>
				<string>3133D3FBDF50A55A8171545D</string>
			</array>
			<key>isa</key>
			<string>PBXGroup</string>
			<key>name</key>
			<string>Pods</string>
			<key>sourceTree</key>
			<string>&lt;group&gt;</string>
		</dict>
		<key>659208FC5B7DC3570BF96085</key>
		<dict>
			<key>fileRef</key>
			<string>3FCF4DAB9D313D354B6D7563</string>
			<key>isa</key>
			<string>PBXBuildFile</string>
		</dict>
		<key>67276145AF38C38937130FC8</key>
		<dict>
			<key>children</key>
			<array>
				<string>CEAE4D9AADEBEA224AF0C891</string>
				<string>E0637B5343B33A87484EE7A0</string>
			</array>
			<key>isa</key>
			<string>PBXGroup</string>
			<key>name</key>
			<string>Products</string>
			<key>sourceTree</key>
			<string>&lt;group&gt;</string>
		</dict>
		<key>678ACFA56944016EEA70501F</key>
		<dict>
			<key>includeInIndex</key>
			<string>1</string>
			<key>isa</key>
			<string>PBXFileReference</string>
			<key>path</key>
			<string>LaunchScreen.storyboard</string>
			<key>sourceTree</key>
			<string>&lt;group&gt;</string>
		</dict>
		<key>69CAD2E122027B52311CD791</key>
		<dict>
			<key>buildActionMask</key>
			<string>2147483647</string>
			<key>files</key>
			<array/>
			<key>inputPaths</key>
			<array/>
			<key>isa</key>
			<string>PBXShellScriptBuildPhase</string>
			<key>name</key>
			<string>[CP] Copy Pods Resources</string>
			<key>outputPaths</key>
			<array/>
			<key>runOnlyForDeploymentPostprocessing</key>
			<string>0</string>
			<key>shellPath</key>
			<string>/bin/sh</string>
			<key>shellScript</key>
			<string>"${SRCROOT}/Pods/Target Support Files/Pods-unit_tests-UnitTests/Pods-unit_tests-UnitTests-resources.sh"
</string>
			<key>showEnvVarsInLog</key>
			<string>0</string>
		</dict>
		<key>6DFD518995990D3C074FF2F5</key>
		<dict>
			<key>children</key>
			<array>
				<string>3FDCE93C175A704AA35F3576</string>
			</array>
			<key>isa</key>
			<string>PBXGroup</string>
			<key>name</key>
			<string>iOS</string>
			<key>sourceTree</key>
			<string>&lt;group&gt;</string>
		</dict>
		<key>7474370BC9FE20DD5E37C554</key>
		<dict>
			<key>fileRef</key>
			<string>4E42126D935EEB4CE222ECF5</string>
			<key>isa</key>
			<string>PBXBuildFile</string>
		</dict>
		<key>762587B1087C7FD486160BDC</key>
		<dict>
			<key>containerPortal</key>
			<string>948FBD612ABA75628802E61F</string>
			<key>isa</key>
			<string>PBXContainerItemProxy</string>
			<key>proxyType</key>
			<string>1</string>
			<key>remoteGlobalIDString</key>
			<string>B2526B95E008942FEA44D82A</string>
			<key>remoteInfo</key>
			<string>modoTube</string>
		</dict>
		<key>784A6863040EA9F61810F1E1</key>
		<dict>
			<key>includeInIndex</key>
			<string>1</string>
			<key>isa</key>
			<string>PBXFileReference</string>
			<key>lastKnownFileType</key>
			<string>folder.assetcatalog</string>
			<key>path</key>
			<string>Assets.xcassets</string>
			<key>sourceTree</key>
			<string>&lt;group&gt;</string>
		</dict>
		<key>7C1C1079AD50501EEB4634D0</key>
		<dict>
			<key>includeInIndex</key>
			<string>1</string>
			<key>isa</key>
			<string>PBXFileReference</string>
			<key>lastKnownFileType</key>
			<string>sourcecode.swift</string>
			<key>path</key>
			<string>MTubeAPI.swift</string>
			<key>sourceTree</key>
			<string>&lt;group&gt;</string>
		</dict>
		<key>7EED11BFA41109EC4CE6C64A</key>
		<dict>
			<key>children</key>
			<array/>
			<key>isa</key>
			<string>PBXGroup</string>
			<key>name</key>
			<string>Models</string>
			<key>path</key>
			<string>Models</string>
			<key>sourceTree</key>
			<string>&lt;group&gt;</string>
		</dict>
		<key>81AB8C77C9AF0DBAE7EBA665</key>
		<dict>
			<key>buildActionMask</key>
			<string>2147483647</string>
			<key>files</key>
			<array>
				<string>B711DB05B7EFEDD5CDDA7621</string>
			</array>
			<key>isa</key>
			<string>PBXFrameworksBuildPhase</string>
			<key>runOnlyForDeploymentPostprocessing</key>
			<string>0</string>
		</dict>
		<key>851D9E9A5D0C5642F9C04CEE</key>
		<dict>
			<key>fileRef</key>
			<string>0614A68F7BFE1EA824057023</string>
			<key>isa</key>
			<string>PBXBuildFile</string>
		</dict>
		<key>8B2AB7745A6F47ED8AC94999</key>
		<dict>
			<key>fileRef</key>
			<string>2573D965A2CCB3264161991B</string>
			<key>isa</key>
			<string>PBXBuildFile</string>
		</dict>
		<key>8C59F76A92D276C019323E93</key>
		<dict>
			<key>buildActionMask</key>
			<string>2147483647</string>
			<key>files</key>
			<array/>
			<key>inputPaths</key>
			<array/>
			<key>isa</key>
			<string>PBXShellScriptBuildPhase</string>
			<key>name</key>
			<string>[CP] Check Pods Manifest.lock</string>
			<key>outputPaths</key>
			<array/>
			<key>runOnlyForDeploymentPostprocessing</key>
			<string>0</string>
			<key>shellPath</key>
			<string>/bin/sh</string>
			<key>shellScript</key>
			<string>diff "${PODS_PODFILE_DIR_PATH}/Podfile.lock" "${PODS_ROOT}/Manifest.lock" &gt; /dev/null
if [ $? != 0 ] ; then
    # print error to STDERR
    echo "error: The sandbox is not in sync with the Podfile.lock. Run 'pod install' or update your CocoaPods installation." &gt;&amp;2
    exit 1
fi
</string>
			<key>showEnvVarsInLog</key>
			<string>0</string>
		</dict>
		<key>8FE5F60A24D5183308C95E41</key>
		<dict>
			<key>buildConfigurationList</key>
			<string>05823F7B1C33615432BE5973</string>
			<key>buildPhases</key>
			<array>
				<string>1C85E00241D6AFA98177CD2F</string>
				<string>991C10C9ECD48053475494BC</string>
				<string>81AB8C77C9AF0DBAE7EBA665</string>
				<string>F16E723D982E5896981F894B</string>
				<string>C9F0AB19BAF7DD124C1241E5</string>
				<string>69CAD2E122027B52311CD791</string>
			</array>
			<key>buildRules</key>
			<array/>
			<key>dependencies</key>
			<array>
				<string>C305EF5CFA92047FE13393AA</string>
			</array>
			<key>isa</key>
			<string>PBXNativeTarget</string>
			<key>name</key>
			<string>UnitTests</string>
			<key>productName</key>
			<string>UnitTests</string>
			<key>productReference</key>
			<string>E0637B5343B33A87484EE7A0</string>
			<key>productType</key>
			<string>com.apple.product-type.bundle.unit-test</string>
		</dict>
		<key>90787A89AC8C8D59F2816601</key>
		<dict>
			<key>fileRef</key>
			<string>3FDCE93C175A704AA35F3576</string>
			<key>isa</key>
			<string>PBXBuildFile</string>
		</dict>
		<key>948FBD612ABA75628802E61F</key>
		<dict>
			<key>attributes</key>
			<dict>
				<key>CLASSPREFIX</key>
				<string>MTube</string>
				<key>LastSwiftUpdateCheck</key>
				<string>0730</string>
				<key>LastUpgradeCheck</key>
				<string>0700</string>
				<key>ORGANIZATIONNAME</key>
				<string>mobizel</string>
			</dict>
			<key>buildConfigurationList</key>
			<string>FE296051151A86048C5B48EE</string>
			<key>compatibilityVersion</key>
			<string>Xcode 3.2</string>
			<key>developmentRegion</key>
			<string>English</string>
			<key>hasScannedForEncodings</key>
			<string>0</string>
			<key>isa</key>
			<string>PBXProject</string>
			<key>knownRegions</key>
			<array>
				<string>en</string>
			</array>
			<key>mainGroup</key>
			<string>089A3032F1ABE6DB65B8C055</string>
			<key>productRefGroup</key>
			<string>67276145AF38C38937130FC8</string>
			<key>projectDirPath</key>
			<string></string>
			<key>projectReferences</key>
			<array/>
			<key>projectRoot</key>
			<string></string>
			<key>targets</key>
			<array>
				<string>B2526B95E008942FEA44D82A</string>
				<string>8FE5F60A24D5183308C95E41</string>
			</array>
		</dict>
		<key>991C10C9ECD48053475494BC</key>
		<dict>
			<key>buildActionMask</key>
			<string>2147483647</string>
			<key>files</key>
			<array/>
			<key>isa</key>
			<string>PBXSourcesBuildPhase</string>
			<key>runOnlyForDeploymentPostprocessing</key>
			<string>0</string>
		</dict>
		<key>9E522A7AA545CDBE3BAE0B93</key>
		<dict>
			<key>buildActionMask</key>
			<string>2147483647</string>
			<key>files</key>
			<array/>
			<key>inputPaths</key>
			<array/>
			<key>isa</key>
			<string>PBXShellScriptBuildPhase</string>
			<key>name</key>
			<string>[CP] Copy Pods Resources</string>
			<key>outputPaths</key>
			<array/>
			<key>runOnlyForDeploymentPostprocessing</key>
			<string>0</string>
			<key>shellPath</key>
			<string>/bin/sh</string>
			<key>shellScript</key>
			<string>"${SRCROOT}/Pods/Target Support Files/Pods-modoTube/Pods-modoTube-resources.sh"
</string>
			<key>showEnvVarsInLog</key>
			<string>0</string>
		</dict>
		<key>9FB95A76E3666C3CF6EDDCB5</key>
		<dict>
			<key>includeInIndex</key>
			<string>1</string>
			<key>isa</key>
			<string>PBXFileReference</string>
			<key>lastKnownFileType</key>
			<string>sourcecode.swift</string>
			<key>path</key>
			<string>Colors.swift</string>
			<key>sourceTree</key>
			<string>&lt;group&gt;</string>
		</dict>
		<key>9FD6C977F60FB792BCD0DF3B</key>
		<dict>
			<key>fileRef</key>
			<string>3B799DC4F51C35DE2FCDCAEA</string>
			<key>isa</key>
			<string>PBXBuildFile</string>
		</dict>
		<key>A2DEAFA9931B13E42A3D26D5</key>
		<dict>
			<key>includeInIndex</key>
			<string>1</string>
			<key>isa</key>
			<string>PBXFileReference</string>
			<key>lastKnownFileType</key>
			<string>sourcecode.swift</string>
			<key>path</key>
			<string>Strings.swift</string>
			<key>sourceTree</key>
			<string>&lt;group&gt;</string>
		</dict>
		<key>A58B1A894DBF6712295C13CD</key>
		<dict>
			<key>includeInIndex</key>
			<string>1</string>
			<key>isa</key>
			<string>PBXFileReference</string>
			<key>lastKnownFileType</key>
			<string>text.xcconfig</string>
			<key>name</key>
			<string>Pods-modoTube.debug.xcconfig</string>
			<key>path</key>
			<string>Pods/Target Support Files/Pods-modoTube/Pods-modoTube.debug.xcconfig</string>
			<key>sourceTree</key>
			<string>&lt;group&gt;</string>
		</dict>
		<key>A8D6F6FE22CCF9317CAF1645</key>
		<dict>
			<key>children</key>
			<array>
				<string>1546EB40593D30613ADE9DB3</string>
				<string>784A6863040EA9F61810F1E1</string>
				<string>1CE58EBB213A0A8475E89560</string>
			</array>
			<key>isa</key>
			<string>PBXGroup</string>
			<key>name</key>
			<string>Resources</string>
			<key>path</key>
			<string>Resources</string>
			<key>sourceTree</key>
			<string>&lt;group&gt;</string>
		</dict>
		<key>A91F8BF98D5D039914CB0245</key>
		<dict>
			<key>children</key>
			<array>
				<string>A2DEAFA9931B13E42A3D26D5</string>
				<string>3FCF4DAB9D313D354B6D7563</string>
				<string>39B844EB21A21349717CCEEF</string>
				<string>9FB95A76E3666C3CF6EDDCB5</string>
				<string>AEA9607511C060512F3267A4</string>
			</array>
			<key>isa</key>
			<string>PBXGroup</string>
			<key>name</key>
			<string>GeneratedConstants</string>
			<key>path</key>
			<string>GeneratedConstants</string>
			<key>sourceTree</key>
			<string>&lt;group&gt;</string>
		</dict>
		<key>AEA9607511C060512F3267A4</key>
		<dict>
			<key>includeInIndex</key>
			<string>1</string>
			<key>isa</key>
			<string>PBXFileReference</string>
			<key>lastKnownFileType</key>
			<string>sourcecode.swift</string>
			<key>path</key>
			<string>Fonts.swift</string>
			<key>sourceTree</key>
			<string>&lt;group&gt;</string>
		</dict>
		<key>AFE555C936770FF52BD91EA7</key>
		<dict>
			<key>includeInIndex</key>
			<string>1</string>
			<key>isa</key>
			<string>PBXFileReference</string>
			<key>lastKnownFileType</key>
			<string>text.xcconfig</string>
			<key>name</key>
			<string>Pods-modoTube.release.xcconfig</string>
			<key>path</key>
			<string>Pods/Target Support Files/Pods-modoTube/Pods-modoTube.release.xcconfig</string>
			<key>sourceTree</key>
			<string>&lt;group&gt;</string>
		</dict>
		<key>B2526B95E008942FEA44D82A</key>
		<dict>
			<key>buildConfigurationList</key>
			<string>1EBDAFB5E3E3A662339FBEBD</string>
			<key>buildPhases</key>
			<array>
				<string>4A91DE4D85188E7C7B5C26AF</string>
				<string>F638EC6F60C74B0A2D6F495F</string>
				<string>BA594BD04A31FD23430F717E</string>
				<string>8C59F76A92D276C019323E93</string>
				<string>53658DC4B6CD7FFCA04ECA14</string>
				<string>0F500158D21C1BC12C2EC25F</string>
				<string>401C379524A3EA3C607C4B1B</string>
				<string>423EAD8294BE3B00DD9E57B1</string>
				<string>9E522A7AA545CDBE3BAE0B93</string>
			</array>
			<key>buildRules</key>
			<array/>
			<key>dependencies</key>
			<array/>
			<key>isa</key>
			<string>PBXNativeTarget</string>
			<key>name</key>
			<string>modoTube</string>
			<key>productName</key>
			<string>modoTube</string>
			<key>productReference</key>
			<string>CEAE4D9AADEBEA224AF0C891</string>
			<key>productType</key>
			<string>com.apple.product-type.application</string>
		</dict>
		<key>B3AE0EB29E236C737E9B2586</key>
		<dict>
			<key>children</key>
			<array>
				<string>A91F8BF98D5D039914CB0245</string>
				<string>0C3531D8908BBB75618F09E1</string>
				<string>0614A68F7BFE1EA824057023</string>
				<string>4E42126D935EEB4CE222ECF5</string>
				<string>5E86466311CC940C29A667F9</string>
				<string>FA873246596C9827DB028074</string>
				<string>7C1C1079AD50501EEB4634D0</string>
			</array>
			<key>isa</key>
			<string>PBXGroup</string>
			<key>name</key>
			<string>Common</string>
			<key>path</key>
			<string>Common</string>
			<key>sourceTree</key>
			<string>&lt;group&gt;</string>
		</dict>
		<key>B3BE2C3BC6C66C1716A06428</key>
		<dict>
			<key>baseConfigurationReference</key>
			<string>A58B1A894DBF6712295C13CD</string>
			<key>buildSettings</key>
			<dict>
				<key>ASSETCATALOG_COMPILER_APPICON_NAME</key>
				<string>AppIcon</string>
				<key>CODE_SIGN_IDENTITY[sdk=iphoneos*]</key>
				<string>iPhone Developer</string>
				<key>DEBUG_INFORMATION_FORMAT</key>
				<string>dwarf</string>
				<key>ENABLE_STRICT_OBJC_MSGSEND</key>
				<string>YES</string>
				<key>GCC_NO_COMMON_BLOCKS</key>
				<string>YES</string>
				<key>INFOPLIST_FILE</key>
				<string>modoTube/Supporting Files/Info.plist</string>
				<key>LD_RUNPATH_SEARCH_PATHS</key>
				<string>$(inherited) @executable_path/Frameworks</string>
				<key>MTL_ENABLE_DEBUG_INFO</key>
				<string>YES</string>
				<key>PRODUCT_BUNDLE_IDENTIFIER</key>
				<string>com.mobizel.modoTube</string>
				<key>PRODUCT_NAME</key>
				<string>$(TARGET_NAME)</string>
				<key>SDKROOT</key>
				<string>iphoneos</string>
				<key>SWIFT_VERSION</key>
				<string>3.0</string>
				<key>TARGETED_DEVICE_FAMILY</key>
				<string>1,2</string>
			</dict>
			<key>isa</key>
			<string>XCBuildConfiguration</string>
			<key>name</key>
			<string>Debug</string>
		</dict>
		<key>B551A924AE2D0CAA23C72E7C</key>
		<dict>
			<key>children</key>
			<array>
				<string>218BEC6FA6A9B7EA6372C9F4</string>
				<string>D78871A95149D687E3252E44</string>
				<string>4C7A52C39E3C7AEBB0E27E65</string>
			</array>
			<key>isa</key>
			<string>PBXGroup</string>
			<key>name</key>
			<string>UnitTests</string>
			<key>path</key>
			<string>UnitTests</string>
			<key>sourceTree</key>
			<string>&lt;group&gt;</string>
		</dict>
		<key>B711DB05B7EFEDD5CDDA7621</key>
		<dict>
			<key>fileRef</key>
			<string>0BC62DD6D1E611ED8C94E8B8</string>
			<key>isa</key>
			<string>PBXBuildFile</string>
		</dict>
		<key>BA594BD04A31FD23430F717E</key>
		<dict>
			<key>buildActionMask</key>
			<string>2147483647</string>
			<key>files</key>
			<array/>
			<key>inputPaths</key>
			<array/>
			<key>isa</key>
			<string>PBXShellScriptBuildPhase</string>
			<key>name</key>
			<string>&#9888;&#65039; Warn for TODO and FIXME comments</string>
			<key>outputPaths</key>
			<array/>
			<key>runOnlyForDeploymentPostprocessing</key>
			<string>0</string>
			<key>shellPath</key>
			<string>/bin/sh</string>
			<key>shellScript</key>
			<string>KEYWORDS="TODO:|FIXME:|\?\?\?:|\!\!\!:"
FILE_EXTENSIONS="swift|h|m|mm|c|cpp"
find -E "${SRCROOT}" -ipath "${SRCROOT}/Carthage" -prune -o -ipath "${SRCROOT}/pods" -prune -o \( -regex ".*\.($FILE_EXTENSIONS)$" \) -print0 | xargs -0 egrep --with-filename --line-number --only-matching "($KEYWORDS).*\$" | perl -p -e "s/($KEYWORDS)/ warning: \$1/"
</string>
			<key>showEnvVarsInLog</key>
			<string>1</string>
		</dict>
		<key>C0B3F1C65E3BCC8455B67534</key>
		<dict>
			<key>children</key>
			<array>
				<string>6DFD518995990D3C074FF2F5</string>
				<string>342284E99A1F8FF97877A6EA</string>
				<string>0BC62DD6D1E611ED8C94E8B8</string>
			</array>
			<key>isa</key>
			<string>PBXGroup</string>
			<key>name</key>
			<string>Frameworks</string>
			<key>sourceTree</key>
			<string>&lt;group&gt;</string>
		</dict>
		<key>C305EF5CFA92047FE13393AA</key>
		<dict>
			<key>isa</key>
			<string>PBXTargetDependency</string>
			<key>name</key>
			<string>modoTube</string>
			<key>target</key>
			<string>B2526B95E008942FEA44D82A</string>
			<key>targetProxy</key>
			<string>762587B1087C7FD486160BDC</string>
		</dict>
		<key>C5CFF3DF094CC9B4C76B517B</key>
		<dict>
			<key>fileRef</key>
			<string>784A6863040EA9F61810F1E1</string>
			<key>isa</key>
			<string>PBXBuildFile</string>
		</dict>
		<key>C9F0AB19BAF7DD124C1241E5</key>
		<dict>
			<key>buildActionMask</key>
			<string>2147483647</string>
			<key>files</key>
			<array/>
			<key>inputPaths</key>
			<array/>
			<key>isa</key>
			<string>PBXShellScriptBuildPhase</string>
			<key>name</key>
			<string>[CP] Embed Pods Frameworks</string>
			<key>outputPaths</key>
			<array/>
			<key>runOnlyForDeploymentPostprocessing</key>
			<string>0</string>
			<key>shellPath</key>
			<string>/bin/sh</string>
			<key>shellScript</key>
			<string>"${SRCROOT}/Pods/Target Support Files/Pods-unit_tests-UnitTests/Pods-unit_tests-UnitTests-frameworks.sh"
</string>
			<key>showEnvVarsInLog</key>
			<string>0</string>
		</dict>
		<key>CAAD668755E2228ED8836AE3</key>
		<dict>
			<key>fileRef</key>
			<string>9FB95A76E3666C3CF6EDDCB5</string>
			<key>isa</key>
			<string>PBXBuildFile</string>
		</dict>
		<key>CDCC084250E979917257F77F</key>
		<dict>
			<key>fileRef</key>
			<string>7C1C1079AD50501EEB4634D0</string>
			<key>isa</key>
			<string>PBXBuildFile</string>
		</dict>
		<key>CEAE4D9AADEBEA224AF0C891</key>
		<dict>
			<key>explicitFileType</key>
			<string>wrapper.application</string>
			<key>includeInIndex</key>
			<string>0</string>
			<key>isa</key>
			<string>PBXFileReference</string>
			<key>path</key>
			<string>modoTube.app</string>
			<key>sourceTree</key>
			<string>BUILT_PRODUCTS_DIR</string>
		</dict>
		<key>D78871A95149D687E3252E44</key>
		<dict>
			<key>children</key>
			<array/>
			<key>isa</key>
			<string>PBXGroup</string>
			<key>name</key>
			<string>Helpers</string>
			<key>path</key>
			<string>Helpers</string>
			<key>sourceTree</key>
			<string>&lt;group&gt;</string>
		</dict>
		<key>D9E86E8BD31CA9CC4EEA2CB0</key>
		<dict>
			<key>fileRef</key>
			<string>39B844EB21A21349717CCEEF</string>
			<key>isa</key>
			<string>PBXBuildFile</string>
		</dict>
		<key>E027D3DEB8E66EC3819DCE38</key>
		<dict>
			<key>buildSettings</key>
			<dict>
				<key>ALWAYS_SEARCH_USER_PATHS</key>
				<string>NO</string>
				<key>ASSETCATALOG_COMPILER_APPICON_NAME</key>
				<string>AppIcon</string>
				<key>CLANG_ANALYZER_NONNULL</key>
				<string>YES</string>
				<key>CLANG_CXX_LANGUAGE_STANDARD</key>
				<string>gnu++0x</string>
				<key>CLANG_CXX_LIBRARY</key>
				<string>libc++</string>
				<key>CLANG_ENABLE_MODULES</key>
				<string>YES</string>
				<key>CLANG_ENABLE_OBJC_ARC</key>
				<string>YES</string>
				<key>CLANG_WARN_BOOL_CONVERSION</key>
				<string>YES</string>
				<key>CLANG_WARN_CONSTANT_CONVERSION</key>
				<string>YES</string>
				<key>CLANG_WARN_DEPRECATED_OBJC_IMPLEMENTATIONS</key>
				<string>YES</string>
				<key>CLANG_WARN_DIRECT_OBJC_ISA_USAGE</key>
				<string>YES</string>
				<key>CLANG_WARN_EMPTY_BODY</key>
				<string>YES</string>
				<key>CLANG_WARN_ENUM_CONVERSION</key>
				<string>YES</string>
				<key>CLANG_WARN_IMPLICIT_SIGN_CONVERSION</key>
				<string>YES</string>
				<key>CLANG_WARN_INT_CONVERSION</key>
				<string>YES</string>
				<key>CLANG_WARN_OBJC_IMPLICIT_RETAIN_SELF</key>
				<string>YES</string>
				<key>CLANG_WARN_OBJC_ROOT_CLASS</key>
				<string>YES</string>
				<key>CLANG_WARN_SUSPICIOUS_IMPLICIT_CONVERSION</key>
				<string>YES</string>
				<key>CLANG_WARN_UNREACHABLE_CODE</key>
				<string>YES</string>
				<key>CLANG_WARN__DUPLICATE_METHOD_MATCH</key>
				<string>YES</string>
				<key>CODE_SIGN_IDENTITY[sdk=iphoneos*]</key>
				<string>iPhone Developer</string>
				<key>COPY_PHASE_STRIP</key>
				<string>YES</string>
				<key>ENABLE_NS_ASSERTIONS</key>
				<string>NO</string>
				<key>GCC_C_LANGUAGE_STANDARD</key>
				<string>gnu99</string>
				<key>GCC_WARN_64_TO_32_BIT_CONVERSION</key>
				<string>YES</string>
				<key>GCC_WARN_ABOUT_DEPRECATED_FUNCTIONS</key>
				<string>YES</string>
				<key>GCC_WARN_ABOUT_MISSING_FIELD_INITIALIZERS</key>
				<string>YES</string>
				<key>GCC_WARN_ABOUT_MISSING_NEWLINE</key>
				<string>YES</string>
				<key>GCC_WARN_ABOUT_RETURN_TYPE</key>
				<string>YES</string>
				<key>GCC_WARN_CHECK_SWITCH_STATEMENTS</key>
				<string>YES</string>
				<key>GCC_WARN_INITIALIZER_NOT_FULLY_BRACKETED</key>
				<string>YES</string>
				<key>GCC_WARN_MISSING_PARENTHESES</key>
				<string>YES</string>
				<key>GCC_WARN_SHADOW</key>
				<string>YES</string>
				<key>GCC_WARN_SIGN_COMPARE</key>
				<string>YES</string>
				<key>GCC_WARN_TYPECHECK_CALLS_TO_PRINTF</key>
				<string>YES</string>
				<key>GCC_WARN_UNDECLARED_SELECTOR</key>
				<string>YES</string>
				<key>GCC_WARN_UNINITIALIZED_AUTOS</key>
				<string>YES</string>
				<key>GCC_WARN_UNUSED_FUNCTION</key>
				<string>YES</string>
				<key>GCC_WARN_UNUSED_LABEL</key>
				<string>YES</string>
				<key>GCC_WARN_UNUSED_VALUE</key>
				<string>YES</string>
				<key>GCC_WARN_UNUSED_VARIABLE</key>
				<string>YES</string>
				<key>IPHONEOS_DEPLOYMENT_TARGET</key>
				<string>9.0</string>
				<key>RUN_CLANG_STATIC_ANALYZER</key>
				<string>YES</string>
				<key>SDKROOT</key>
				<string>iphoneos</string>
				<key>VALIDATE_PRODUCT</key>
				<string>YES</string>
			</dict>
			<key>isa</key>
			<string>XCBuildConfiguration</string>
			<key>name</key>
			<string>Release</string>
		</dict>
		<key>E0637B5343B33A87484EE7A0</key>
		<dict>
			<key>explicitFileType</key>
			<string>wrapper.cfbundle</string>
			<key>includeInIndex</key>
			<string>0</string>
			<key>isa</key>
			<string>PBXFileReference</string>
			<key>name</key>
			<string>UnitTests.xctest</string>
			<key>path</key>
			<string>UnitTests.bundle</string>
			<key>sourceTree</key>
			<string>BUILT_PRODUCTS_DIR</string>
		</dict>
		<key>E87AF7AE680C9893DAF5B8C4</key>
		<dict>
			<key>children</key>
			<array>
				<string>4637215E48C7322779D8C406</string>
				<string>7EED11BFA41109EC4CE6C64A</string>
				<string>B3AE0EB29E236C737E9B2586</string>
				<string>6049A60AA0E1B42A1326B17E</string>
				<string>25224D82DA045FDA6C4CFB22</string>
				<string>F6E565094FF2199440AC7004</string>
				<string>05B7376A37D9FABD2EF9A78E</string>
				<string>3B799DC4F51C35DE2FCDCAEA</string>
			</array>
			<key>isa</key>
			<string>PBXGroup</string>
			<key>name</key>
			<string>modoTube</string>
			<key>path</key>
			<string>modoTube</string>
			<key>sourceTree</key>
			<string>&lt;group&gt;</string>
		</dict>
		<key>EE8A1BF6905A36AF4064A267</key>
		<dict>
			<key>fileRef</key>
			<string>678ACFA56944016EEA70501F</string>
			<key>isa</key>
			<string>PBXBuildFile</string>
		</dict>
		<key>F16E723D982E5896981F894B</key>
		<dict>
			<key>buildActionMask</key>
			<string>2147483647</string>
			<key>files</key>
			<array/>
			<key>isa</key>
			<string>PBXResourcesBuildPhase</string>
			<key>runOnlyForDeploymentPostprocessing</key>
			<string>0</string>
		</dict>
		<key>F638EC6F60C74B0A2D6F495F</key>
		<dict>
			<key>buildActionMask</key>
			<string>2147483647</string>
			<key>files</key>
			<array/>
			<key>inputPaths</key>
			<array/>
			<key>isa</key>
			<string>PBXShellScriptBuildPhase</string>
			<key>name</key>
			<string>&#9888;&#65039; SwiftLint</string>
			<key>outputPaths</key>
			<array/>
			<key>runOnlyForDeploymentPostprocessing</key>
			<string>0</string>
			<key>shellPath</key>
			<string>/bin/sh</string>
			<key>shellScript</key>
			<string>POD_DIR="$PODS_ROOT/SwiftLint/swiftlint"
if which $POD_DIR &gt; /dev/null; then
  $POD_DIR
  # Also warn about IBOutlets not marked private
  SRCDIR="$PROJECT_DIR/$PROJECT_NAME"
  grep --include '*.swift' --with-filename --line-number -r '\@IBOutlet' "$SRCDIR" | grep -v 'private' | grep -v 'internal' | sed s/':[^:]*\@IBOutlet.*$'/': warning: IBOutlets should be marked private'/
  # Also warn about non-weak delegates
  grep --include '*.swift' --with-filename --line-number -ri 'var [a-z]*delegate: [a-z]\?' "$SRCDIR" | grep -v 'weak' | sed s/':[^:]*var .*$'/': warning: delegates should always be weak'/
else
  echo "warning: SwiftLint not installed, download from https://github.com/realm/SwiftLint"
fi
</string>
			<key>showEnvVarsInLog</key>
			<string>1</string>
		</dict>
		<key>F6E565094FF2199440AC7004</key>
		<dict>
			<key>children</key>
			<array>
				<string>5D0973EB3D329918E18277D3</string>
			</array>
			<key>isa</key>
			<string>PBXGroup</string>
			<key>name</key>
			<string>Storyboards</string>
			<key>path</key>
			<string>Storyboards</string>
			<key>sourceTree</key>
			<string>&lt;group&gt;</string>
		</dict>
		<key>F7689C929A1E3A79B1B1B712</key>
		<dict>
			<key>fileRef</key>
			<string>FA873246596C9827DB028074</string>
			<key>isa</key>
			<string>PBXBuildFile</string>
		</dict>
		<key>FA873246596C9827DB028074</key>
		<dict>
			<key>includeInIndex</key>
			<string>1</string>
			<key>isa</key>
			<string>PBXFileReference</string>
			<key>lastKnownFileType</key>
			<string>sourcecode.swift</string>
			<key>path</key>
			<string>MTubeLogger.swift</string>
			<key>sourceTree</key>
			<string>&lt;group&gt;</string>
		</dict>
		<key>FE296051151A86048C5B48EE</key>
		<dict>
			<key>buildConfigurations</key>
			<array>
				<string>596FE08F2684855210E02653</string>
				<string>E027D3DEB8E66EC3819DCE38</string>
			</array>
			<key>defaultConfigurationIsVisible</key>
			<string>0</string>
			<key>defaultConfigurationName</key>
			<string>Release</string>
			<key>isa</key>
			<string>XCConfigurationList</string>
		</dict>
	</dict>
	<key>rootObject</key>
	<string>948FBD612ABA75628802E61F</string>
</dict>
</plist>
